
Microsoft Visual Studio Solution File, Format Version 12.00
Project("{FAE04EC0-301F-11D3-BF4B-00C04F79EFBC}") = "TalentHub.NotificationService.Host", "TalentHub.NotificationService.Host\TalentHub.NotificationService.Host.csproj", "{87835624-D2ED-4DBA-A339-6DCC6A464A8B}"
EndProject
Project("{FAE04EC0-301F-11D3-BF4B-00C04F79EFBC}") = "TalentHub.NotificationService.Application", "TalentHub.NotificationService.Application\TalentHub.NotificationService.Application.csproj", "{1710109F-28E7-4787-9A78-42E1DF0D545C}"
EndProject
Global
	GlobalSection(SolutionConfigurationPlatforms) = preSolution
		Debug|Any CPU = Debug|Any CPU
		Release|Any CPU = Release|Any CPU
	EndGlobalSection
	GlobalSection(ProjectConfigurationPlatforms) = postSolution
		{87835624-D2ED-4DBA-A339-6DCC6A464A8B}.Debug|Any CPU.ActiveCfg = Debug|Any CPU
		{87835624-D2ED-4DBA-A339-6DCC6A464A8B}.Debug|Any CPU.Build.0 = Debug|Any CPU
		{87835624-D2ED-4DBA-A339-6DCC6A464A8B}.Release|Any CPU.ActiveCfg = Release|Any CPU
		{87835624-D2ED-4DBA-A339-6DCC6A464A8B}.Release|Any CPU.Build.0 = Release|Any CPU
		{1710109F-28E7-4787-9A78-42E1DF0D545C}.Debug|Any CPU.ActiveCfg = Debug|Any CPU
		{1710109F-28E7-4787-9A78-42E1DF0D545C}.Debug|Any CPU.Build.0 = Debug|Any CPU
		{1710109F-28E7-4787-9A78-42E1DF0D545C}.Release|Any CPU.ActiveCfg = Release|Any CPU
		{1710109F-28E7-4787-9A78-42E1DF0D545C}.Release|Any CPU.Build.0 = Release|Any CPU
	EndGlobalSection
EndGlobal
